
Microsoft Visual Studio Solution File, Format Version 12.00
# Visual Studio 15
Project("{FAE04EC0-301F-11D3-BF4B-00C04F79EFBC}") = "Assembly-CSharp", "Assembly-CSharp.csproj", "{F5A2285B-E2D6-FB9E-A601-A34F03D3FB25}"
EndProject
Project("{FAE04EC0-301F-11D3-BF4B-00C04F79EFBC}") = "Assembly-CSharp-Editor", "Assembly-CSharp-Editor.csproj", "{6CCEA9B9-7B36-C519-86F3-066B5C453C9D}"
EndProject
Global
	GlobalSection(SolutionConfigurationPlatforms) = preSolution
		Debug|Any CPU = Debug|Any CPU
		Release|Any CPU = Release|Any CPU
	EndGlobalSection
	GlobalSection(ProjectConfigurationPlatforms) = postSolution
		{F5A2285B-E2D6-FB9E-A601-A34F03D3FB25}.Debug|Any CPU.ActiveCfg = Debug|Any CPU
		{F5A2285B-E2D6-FB9E-A601-A34F03D3FB25}.Debug|Any CPU.Build.0 = Debug|Any CPU
		{F5A2285B-E2D6-FB9E-A601-A34F03D3FB25}.Release|Any CPU.ActiveCfg = Release|Any CPU
		{F5A2285B-E2D6-FB9E-A601-A34F03D3FB25}.Release|Any CPU.Build.0 = Release|Any CPU
		{6CCEA9B9-7B36-C519-86F3-066B5C453C9D}.Debug|Any CPU.ActiveCfg = Debug|Any CPU
		{6CCEA9B9-7B36-C519-86F3-066B5C453C9D}.Debug|Any CPU.Build.0 = Debug|Any CPU
		{6CCEA9B9-7B36-C519-86F3-066B5C453C9D}.Release|Any CPU.ActiveCfg = Release|Any CPU
		{6CCEA9B9-7B36-C519-86F3-066B5C453C9D}.Release|Any CPU.Build.0 = Release|Any CPU
	EndGlobalSection
	GlobalSection(SolutionProperties) = preSolution
		HideSolutionNode = FALSE
	EndGlobalSection
EndGlobal
